// !$*UTF8*$!
{
	archiveVersion = 1;
	classes = {
	};
	objectVersion = 46;
	objects = {

/* Begin PBXBuildFile section */
		740C54D71F480BFE00A68DC0 /* address_no_geo.json in Resources */ = {isa = PBXBuildFile; fileRef = 740C54D61F480BFE00A68DC0 /* address_no_geo.json */; };
		740C54D91F480C8D00A68DC0 /* user_no_address.json in Resources */ = {isa = PBXBuildFile; fileRef = 740C54D81F480C8D00A68DC0 /* user_no_address.json */; };
		740C54DB1F480E5B00A68DC0 /* CompanyTests.swift in Sources */ = {isa = PBXBuildFile; fileRef = 740C54DA1F480E5B00A68DC0 /* CompanyTests.swift */; };
		740C54DD1F480EE300A68DC0 /* company.json in Resources */ = {isa = PBXBuildFile; fileRef = 740C54DC1F480EE300A68DC0 /* company.json */; };
		740C54DF1F480F2300A68DC0 /* Company.swift in Sources */ = {isa = PBXBuildFile; fileRef = 740C54DE1F480F2300A68DC0 /* Company.swift */; };
		742DCEB41F47E2A1007EC839 /* JSONParserHelper.swift in Sources */ = {isa = PBXBuildFile; fileRef = 742DCEB31F47E2A1007EC839 /* JSONParserHelper.swift */; };
		742DCEB61F47E66F007EC839 /* JSONParserHelperTests.swift in Sources */ = {isa = PBXBuildFile; fileRef = 742DCEB51F47E66F007EC839 /* JSONParserHelperTests.swift */; };
		742DCEB91F47ED3D007EC839 /* AddressTests.swift in Sources */ = {isa = PBXBuildFile; fileRef = 742DCEB81F47ED3D007EC839 /* AddressTests.swift */; };
		742DCEBB1F47EDDF007EC839 /* Address.swift in Sources */ = {isa = PBXBuildFile; fileRef = 742DCEBA1F47EDDF007EC839 /* Address.swift */; };
		742DCEBD1F47EE96007EC839 /* address.json in Resources */ = {isa = PBXBuildFile; fileRef = 742DCEBC1F47EE96007EC839 /* address.json */; };
		742DCEBF1F47F07D007EC839 /* GeoTestes.swift in Sources */ = {isa = PBXBuildFile; fileRef = 742DCEBE1F47F07D007EC839 /* GeoTestes.swift */; };
		742DCEC11F47F0F9007EC839 /* Geo.swift in Sources */ = {isa = PBXBuildFile; fileRef = 742DCEC01F47F0F9007EC839 /* Geo.swift */; };
		742DCEC31F47F14A007EC839 /* geo.json in Resources */ = {isa = PBXBuildFile; fileRef = 742DCEC21F47F14A007EC839 /* geo.json */; };
		742F85111F47DE670028458F /* JSONMockLoader.swift in Sources */ = {isa = PBXBuildFile; fileRef = 742F85101F47DE670028458F /* JSONMockLoader.swift */; };
		742F85141F47DF620028458F /* user.json in Resources */ = {isa = PBXBuildFile; fileRef = 742F85131F47DF620028458F /* user.json */; };
		7434B53F1F47CFEF00023FB4 /* AppDelegate.swift in Sources */ = {isa = PBXBuildFile; fileRef = 7434B53E1F47CFEF00023FB4 /* AppDelegate.swift */; };
		7434B5411F47CFEF00023FB4 /* UsersViewController.swift in Sources */ = {isa = PBXBuildFile; fileRef = 7434B5401F47CFEF00023FB4 /* UsersViewController.swift */; };
		7434B5441F47CFEF00023FB4 /* Main.storyboard in Resources */ = {isa = PBXBuildFile; fileRef = 7434B5421F47CFEF00023FB4 /* Main.storyboard */; };
		7434B5461F47CFEF00023FB4 /* Assets.xcassets in Resources */ = {isa = PBXBuildFile; fileRef = 7434B5451F47CFEF00023FB4 /* Assets.xcassets */; };
		7434B5491F47CFEF00023FB4 /* LaunchScreen.storyboard in Resources */ = {isa = PBXBuildFile; fileRef = 7434B5471F47CFEF00023FB4 /* LaunchScreen.storyboard */; };
		7434B56E1F47D7F100023FB4 /* UserTests.swift in Sources */ = {isa = PBXBuildFile; fileRef = 7434B56D1F47D7F100023FB4 /* UserTests.swift */; };
		7436815C1F47D22100ADCC59 /* APIClientTests.swift in Sources */ = {isa = PBXBuildFile; fileRef = 7436815B1F47D22100ADCC59 /* APIClientTests.swift */; };
		7436815F1F47D31B00ADCC59 /* APIClient.swift in Sources */ = {isa = PBXBuildFile; fileRef = 7436815E1F47D31B00ADCC59 /* APIClient.swift */; };
		7436981C1F4819D600753778 /* user_no_company.json in Resources */ = {isa = PBXBuildFile; fileRef = 7436981B1F4819D600753778 /* user_no_company.json */; };
		7436981E1F48242E00753778 /* APIEndpoints.swift in Sources */ = {isa = PBXBuildFile; fileRef = 7436981D1F48242E00753778 /* APIEndpoints.swift */; };
		743698201F482DC900753778 /* users_array.json in Resources */ = {isa = PBXBuildFile; fileRef = 7436981F1F482DC900753778 /* users_array.json */; };
		7458C6B91F484DFF00919EE4 /* StoryboardTests.swift in Sources */ = {isa = PBXBuildFile; fileRef = 7458C6B81F484DFF00919EE4 /* StoryboardTests.swift */; };
		747408B21F485FD000E6F41B /* UserCell.swift in Sources */ = {isa = PBXBuildFile; fileRef = 747408B11F485FD000E6F41B /* UserCell.swift */; };
		74858EFB1F4859E300E4CE98 /* UsersDataProviderTests.swift in Sources */ = {isa = PBXBuildFile; fileRef = 74858EFA1F4859E300E4CE98 /* UsersDataProviderTests.swift */; };
		74B01EB71F48557B00F9FA5C /* UsersDataProvider.swift in Sources */ = {isa = PBXBuildFile; fileRef = 74B01EB61F48557B00F9FA5C /* UsersDataProvider.swift */; };
		74B97BC41F47DBDA003B9ADD /* User.swift in Sources */ = {isa = PBXBuildFile; fileRef = 74B97BC31F47DBDA003B9ADD /* User.swift */; };
		74EDAE481F4850F30095AEA3 /* UsersViewControllerTests.swift in Sources */ = {isa = PBXBuildFile; fileRef = 74EDAE471F4850F30095AEA3 /* UsersViewControllerTests.swift */; };
/* End PBXBuildFile section */

/* Begin PBXContainerItemProxy section */
		7434B5501F47CFEF00023FB4 /* PBXContainerItemProxy */ = {
			isa = PBXContainerItemProxy;
			containerPortal = 7434B5331F47CFEF00023FB4 /* Project object */;
			proxyType = 1;
			remoteGlobalIDString = 7434B53A1F47CFEF00023FB4;
			remoteInfo = iPosted;
		};
/* End PBXContainerItemProxy section */

/* Begin PBXFileReference section */
		740C54D61F480BFE00A68DC0 /* address_no_geo.json */ = {isa = PBXFileReference; fileEncoding = 4; lastKnownFileType = text.json; path = address_no_geo.json; sourceTree = "<group>"; };
		740C54D81F480C8D00A68DC0 /* user_no_address.json */ = {isa = PBXFileReference; fileEncoding = 4; lastKnownFileType = text.json; path = user_no_address.json; sourceTree = "<group>"; };
		740C54DA1F480E5B00A68DC0 /* CompanyTests.swift */ = {isa = PBXFileReference; fileEncoding = 4; lastKnownFileType = sourcecode.swift; path = CompanyTests.swift; sourceTree = "<group>"; };
		740C54DC1F480EE300A68DC0 /* company.json */ = {isa = PBXFileReference; fileEncoding = 4; lastKnownFileType = text.json; path = company.json; sourceTree = "<group>"; };
		740C54DE1F480F2300A68DC0 /* Company.swift */ = {isa = PBXFileReference; fileEncoding = 4; lastKnownFileType = sourcecode.swift; path = Company.swift; sourceTree = "<group>"; };
		742DCEB31F47E2A1007EC839 /* JSONParserHelper.swift */ = {isa = PBXFileReference; fileEncoding = 4; lastKnownFileType = sourcecode.swift; path = JSONParserHelper.swift; sourceTree = "<group>"; };
		742DCEB51F47E66F007EC839 /* JSONParserHelperTests.swift */ = {isa = PBXFileReference; fileEncoding = 4; lastKnownFileType = sourcecode.swift; path = JSONParserHelperTests.swift; sourceTree = "<group>"; };
		742DCEB81F47ED3D007EC839 /* AddressTests.swift */ = {isa = PBXFileReference; fileEncoding = 4; lastKnownFileType = sourcecode.swift; path = AddressTests.swift; sourceTree = "<group>"; };
		742DCEBA1F47EDDF007EC839 /* Address.swift */ = {isa = PBXFileReference; fileEncoding = 4; lastKnownFileType = sourcecode.swift; path = Address.swift; sourceTree = "<group>"; };
		742DCEBC1F47EE96007EC839 /* address.json */ = {isa = PBXFileReference; fileEncoding = 4; lastKnownFileType = text.json; path = address.json; sourceTree = "<group>"; };
		742DCEBE1F47F07D007EC839 /* GeoTestes.swift */ = {isa = PBXFileReference; fileEncoding = 4; lastKnownFileType = sourcecode.swift; path = GeoTestes.swift; sourceTree = "<group>"; };
		742DCEC01F47F0F9007EC839 /* Geo.swift */ = {isa = PBXFileReference; fileEncoding = 4; lastKnownFileType = sourcecode.swift; path = Geo.swift; sourceTree = "<group>"; };
		742DCEC21F47F14A007EC839 /* geo.json */ = {isa = PBXFileReference; fileEncoding = 4; lastKnownFileType = text.json; path = geo.json; sourceTree = "<group>"; };
		742F85101F47DE670028458F /* JSONMockLoader.swift */ = {isa = PBXFileReference; fileEncoding = 4; lastKnownFileType = sourcecode.swift; name = JSONMockLoader.swift; path = ../../JSONMockLoader.swift; sourceTree = "<group>"; };
		742F85131F47DF620028458F /* user.json */ = {isa = PBXFileReference; fileEncoding = 4; lastKnownFileType = text.json; path = user.json; sourceTree = "<group>"; };
		7434B53B1F47CFEF00023FB4 /* iPosted.app */ = {isa = PBXFileReference; explicitFileType = wrapper.application; includeInIndex = 0; path = iPosted.app; sourceTree = BUILT_PRODUCTS_DIR; };
		7434B53E1F47CFEF00023FB4 /* AppDelegate.swift */ = {isa = PBXFileReference; lastKnownFileType = sourcecode.swift; path = AppDelegate.swift; sourceTree = "<group>"; };
		7434B5401F47CFEF00023FB4 /* UsersViewController.swift */ = {isa = PBXFileReference; lastKnownFileType = sourcecode.swift; path = UsersViewController.swift; sourceTree = "<group>"; };
		7434B5431F47CFEF00023FB4 /* Base */ = {isa = PBXFileReference; lastKnownFileType = file.storyboard; name = Base; path = Base.lproj/Main.storyboard; sourceTree = "<group>"; };
		7434B5451F47CFEF00023FB4 /* Assets.xcassets */ = {isa = PBXFileReference; lastKnownFileType = folder.assetcatalog; path = Assets.xcassets; sourceTree = "<group>"; };
		7434B5481F47CFEF00023FB4 /* Base */ = {isa = PBXFileReference; lastKnownFileType = file.storyboard; name = Base; path = Base.lproj/LaunchScreen.storyboard; sourceTree = "<group>"; };
		7434B54A1F47CFEF00023FB4 /* Info.plist */ = {isa = PBXFileReference; lastKnownFileType = text.plist.xml; path = Info.plist; sourceTree = "<group>"; };
		7434B54F1F47CFEF00023FB4 /* iPostedTests.xctest */ = {isa = PBXFileReference; explicitFileType = wrapper.cfbundle; includeInIndex = 0; path = iPostedTests.xctest; sourceTree = BUILT_PRODUCTS_DIR; };
		7434B5551F47CFEF00023FB4 /* Info.plist */ = {isa = PBXFileReference; lastKnownFileType = text.plist.xml; path = Info.plist; sourceTree = "<group>"; };
		7434B55E1F47CFEF00023FB4 /* iPostedUITests.swift */ = {isa = PBXFileReference; lastKnownFileType = sourcecode.swift; path = iPostedUITests.swift; sourceTree = "<group>"; };
		7434B5601F47CFEF00023FB4 /* Info.plist */ = {isa = PBXFileReference; lastKnownFileType = text.plist.xml; path = Info.plist; sourceTree = "<group>"; };
		7434B56D1F47D7F100023FB4 /* UserTests.swift */ = {isa = PBXFileReference; fileEncoding = 4; lastKnownFileType = sourcecode.swift; path = UserTests.swift; sourceTree = "<group>"; };
		7436815B1F47D22100ADCC59 /* APIClientTests.swift */ = {isa = PBXFileReference; lastKnownFileType = sourcecode.swift; path = APIClientTests.swift; sourceTree = "<group>"; };
		7436815E1F47D31B00ADCC59 /* APIClient.swift */ = {isa = PBXFileReference; lastKnownFileType = sourcecode.swift; path = APIClient.swift; sourceTree = "<group>"; };
		7436981B1F4819D600753778 /* user_no_company.json */ = {isa = PBXFileReference; fileEncoding = 4; lastKnownFileType = text.json; path = user_no_company.json; sourceTree = "<group>"; };
		7436981D1F48242E00753778 /* APIEndpoints.swift */ = {isa = PBXFileReference; fileEncoding = 4; lastKnownFileType = sourcecode.swift; path = APIEndpoints.swift; sourceTree = "<group>"; };
		7436981F1F482DC900753778 /* users_array.json */ = {isa = PBXFileReference; fileEncoding = 4; lastKnownFileType = text.json; path = users_array.json; sourceTree = "<group>"; };
		7458C6B81F484DFF00919EE4 /* StoryboardTests.swift */ = {isa = PBXFileReference; fileEncoding = 4; lastKnownFileType = sourcecode.swift; path = StoryboardTests.swift; sourceTree = "<group>"; };
		747408B11F485FD000E6F41B /* UserCell.swift */ = {isa = PBXFileReference; fileEncoding = 4; lastKnownFileType = sourcecode.swift; path = UserCell.swift; sourceTree = "<group>"; };
		74858EFA1F4859E300E4CE98 /* UsersDataProviderTests.swift */ = {isa = PBXFileReference; fileEncoding = 4; lastKnownFileType = sourcecode.swift; path = UsersDataProviderTests.swift; sourceTree = "<group>"; };
		74B01EB61F48557B00F9FA5C /* UsersDataProvider.swift */ = {isa = PBXFileReference; fileEncoding = 4; lastKnownFileType = sourcecode.swift; path = UsersDataProvider.swift; sourceTree = "<group>"; };
		74B97BC31F47DBDA003B9ADD /* User.swift */ = {isa = PBXFileReference; fileEncoding = 4; lastKnownFileType = sourcecode.swift; path = User.swift; sourceTree = "<group>"; };
		74EDAE471F4850F30095AEA3 /* UsersViewControllerTests.swift */ = {isa = PBXFileReference; fileEncoding = 4; lastKnownFileType = sourcecode.swift; path = UsersViewControllerTests.swift; sourceTree = "<group>"; };
/* End PBXFileReference section */

/* Begin PBXFrameworksBuildPhase section */
		7434B5381F47CFEF00023FB4 /* Frameworks */ = {
			isa = PBXFrameworksBuildPhase;
			buildActionMask = 2147483647;
			files = (
			);
			runOnlyForDeploymentPostprocessing = 0;
		};
		7434B54C1F47CFEF00023FB4 /* Frameworks */ = {
			isa = PBXFrameworksBuildPhase;
			buildActionMask = 2147483647;
			files = (
			);
			runOnlyForDeploymentPostprocessing = 0;
		};
/* End PBXFrameworksBuildPhase section */

/* Begin PBXGroup section */
		742DCEB71F47E8EF007EC839 /* JSONParsing */ = {
			isa = PBXGroup;
			children = (
				742F85121F47DEEB0028458F /* JSONMock */,
				742DCEB51F47E66F007EC839 /* JSONParserHelperTests.swift */,
			);
			path = JSONParsing;
			sourceTree = "<group>";
		};
		742F85121F47DEEB0028458F /* JSONMock */ = {
			isa = PBXGroup;
			children = (
				742F85101F47DE670028458F /* JSONMockLoader.swift */,
				742DCEBC1F47EE96007EC839 /* address.json */,
				740C54D61F480BFE00A68DC0 /* address_no_geo.json */,
				740C54DC1F480EE300A68DC0 /* company.json */,
				742DCEC21F47F14A007EC839 /* geo.json */,
				742F85131F47DF620028458F /* user.json */,
				740C54D81F480C8D00A68DC0 /* user_no_address.json */,
				7436981B1F4819D600753778 /* user_no_company.json */,
				7436981F1F482DC900753778 /* users_array.json */,
			);
			path = JSONMock;
			sourceTree = "<group>";
		};
		7434B5321F47CFEF00023FB4 = {
			isa = PBXGroup;
			children = (
				7434B53D1F47CFEF00023FB4 /* iPosted */,
				7434B5521F47CFEF00023FB4 /* iPostedTests */,
				7434B55D1F47CFEF00023FB4 /* iPostedUITests */,
				7434B53C1F47CFEF00023FB4 /* Products */,
			);
			sourceTree = "<group>";
		};
		7434B53C1F47CFEF00023FB4 /* Products */ = {
			isa = PBXGroup;
			children = (
				7434B53B1F47CFEF00023FB4 /* iPosted.app */,
				7434B54F1F47CFEF00023FB4 /* iPostedTests.xctest */,
			);
			name = Products;
			sourceTree = "<group>";
		};
		7434B53D1F47CFEF00023FB4 /* iPosted */ = {
			isa = PBXGroup;
			children = (
				7434B53E1F47CFEF00023FB4 /* AppDelegate.swift */,
				7436815D1F47D2C600ADCC59 /* API */,
				74B01EB51F4854FC00F9FA5C /* DataProviders */,
				74B97BC21F47DBAA003B9ADD /* Model */,
				747408B01F485F8800E6F41B /* ViewCells */,
				7458C6BA1F48503200919EE4 /* ViewControllers */,
				7434B5421F47CFEF00023FB4 /* Main.storyboard */,
				7434B5451F47CFEF00023FB4 /* Assets.xcassets */,
				7434B5471F47CFEF00023FB4 /* LaunchScreen.storyboard */,
				7434B54A1F47CFEF00023FB4 /* Info.plist */,
			);
			path = iPosted;
			sourceTree = "<group>";
		};
		7434B5521F47CFEF00023FB4 /* iPostedTests */ = {
			isa = PBXGroup;
			children = (
				74858EF91F4859B000E4CE98 /* DataProviders */,
				74EDAE461F4850B90095AEA3 /* ViewControllers */,
				7458C6B71F484DB000919EE4 /* Storyboards */,
				7434B56C1F47D03400023FB4 /* API */,
				742DCEB71F47E8EF007EC839 /* JSONParsing */,
				743681601F47D78B00ADCC59 /* Model */,
				7434B5551F47CFEF00023FB4 /* Info.plist */,
			);
			path = iPostedTests;
			sourceTree = "<group>";
		};
		7434B55D1F47CFEF00023FB4 /* iPostedUITests */ = {
			isa = PBXGroup;
			children = (
				7434B55E1F47CFEF00023FB4 /* iPostedUITests.swift */,
				7434B5601F47CFEF00023FB4 /* Info.plist */,
			);
			path = iPostedUITests;
			sourceTree = "<group>";
		};
		7434B56C1F47D03400023FB4 /* API */ = {
			isa = PBXGroup;
			children = (
				7436815B1F47D22100ADCC59 /* APIClientTests.swift */,
			);
			path = API;
			sourceTree = "<group>";
		};
		7436815D1F47D2C600ADCC59 /* API */ = {
			isa = PBXGroup;
			children = (
				7436815E1F47D31B00ADCC59 /* APIClient.swift */,
				7436981D1F48242E00753778 /* APIEndpoints.swift */,
				742DCEB31F47E2A1007EC839 /* JSONParserHelper.swift */,
			);
			path = API;
			sourceTree = "<group>";
		};
		743681601F47D78B00ADCC59 /* Model */ = {
			isa = PBXGroup;
			children = (
				7434B56D1F47D7F100023FB4 /* UserTests.swift */,
				742DCEB81F47ED3D007EC839 /* AddressTests.swift */,
				742DCEBE1F47F07D007EC839 /* GeoTestes.swift */,
				740C54DA1F480E5B00A68DC0 /* CompanyTests.swift */,
			);
			path = Model;
			sourceTree = "<group>";
		};
		7458C6B71F484DB000919EE4 /* Storyboards */ = {
			isa = PBXGroup;
			children = (
				7458C6B81F484DFF00919EE4 /* StoryboardTests.swift */,
			);
			path = Storyboards;
			sourceTree = "<group>";
		};
		7458C6BA1F48503200919EE4 /* ViewControllers */ = {
			isa = PBXGroup;
			children = (
				7434B5401F47CFEF00023FB4 /* UsersViewController.swift */,
			);
			path = ViewControllers;
			sourceTree = "<group>";
		};
		747408B01F485F8800E6F41B /* ViewCells */ = {
			isa = PBXGroup;
			children = (
				747408B11F485FD000E6F41B /* UserCell.swift */,
			);
			path = ViewCells;
			sourceTree = "<group>";
		};
		74858EF91F4859B000E4CE98 /* DataProviders */ = {
			isa = PBXGroup;
			children = (
				74858EFA1F4859E300E4CE98 /* UsersDataProviderTests.swift */,
			);
			path = DataProviders;
			sourceTree = "<group>";
		};
		74B01EB51F4854FC00F9FA5C /* DataProviders */ = {
			isa = PBXGroup;
			children = (
				74B01EB61F48557B00F9FA5C /* UsersDataProvider.swift */,
			);
			path = DataProviders;
			sourceTree = "<group>";
		};
		74B97BC21F47DBAA003B9ADD /* Model */ = {
			isa = PBXGroup;
			children = (
				74B97BC31F47DBDA003B9ADD /* User.swift */,
				742DCEBA1F47EDDF007EC839 /* Address.swift */,
				742DCEC01F47F0F9007EC839 /* Geo.swift */,
				740C54DE1F480F2300A68DC0 /* Company.swift */,
			);
			path = Model;
			sourceTree = "<group>";
		};
		74EDAE461F4850B90095AEA3 /* ViewControllers */ = {
			isa = PBXGroup;
			children = (
				74EDAE471F4850F30095AEA3 /* UsersViewControllerTests.swift */,
			);
			path = ViewControllers;
			sourceTree = "<group>";
		};
/* End PBXGroup section */

/* Begin PBXNativeTarget section */
		7434B53A1F47CFEF00023FB4 /* iPosted */ = {
			isa = PBXNativeTarget;
			buildConfigurationList = 7434B5631F47CFEF00023FB4 /* Build configuration list for PBXNativeTarget "iPosted" */;
			buildPhases = (
				7434B5371F47CFEF00023FB4 /* Sources */,
				7434B5381F47CFEF00023FB4 /* Frameworks */,
				7434B5391F47CFEF00023FB4 /* Resources */,
			);
			buildRules = (
			);
			dependencies = (
			);
			name = iPosted;
			productName = iPosted;
			productReference = 7434B53B1F47CFEF00023FB4 /* iPosted.app */;
			productType = "com.apple.product-type.application";
		};
		7434B54E1F47CFEF00023FB4 /* iPostedTests */ = {
			isa = PBXNativeTarget;
			buildConfigurationList = 7434B5661F47CFEF00023FB4 /* Build configuration list for PBXNativeTarget "iPostedTests" */;
			buildPhases = (
				7434B54B1F47CFEF00023FB4 /* Sources */,
				7434B54C1F47CFEF00023FB4 /* Frameworks */,
				7434B54D1F47CFEF00023FB4 /* Resources */,
			);
			buildRules = (
			);
			dependencies = (
				7434B5511F47CFEF00023FB4 /* PBXTargetDependency */,
			);
			name = iPostedTests;
			productName = iPostedTests;
			productReference = 7434B54F1F47CFEF00023FB4 /* iPostedTests.xctest */;
			productType = "com.apple.product-type.bundle.unit-test";
		};
/* End PBXNativeTarget section */

/* Begin PBXProject section */
		7434B5331F47CFEF00023FB4 /* Project object */ = {
			isa = PBXProject;
			attributes = {
				LastSwiftUpdateCheck = 0830;
				LastUpgradeCheck = 0830;
				ORGANIZATIONNAME = TNTStudios;
				TargetAttributes = {
					7434B53A1F47CFEF00023FB4 = {
						CreatedOnToolsVersion = 8.3.3;
						DevelopmentTeam = MG2UCY5382;
						ProvisioningStyle = Automatic;
					};
					7434B54E1F47CFEF00023FB4 = {
						CreatedOnToolsVersion = 8.3.3;
						DevelopmentTeam = MG2UCY5382;
						ProvisioningStyle = Automatic;
						TestTargetID = 7434B53A1F47CFEF00023FB4;
					};
				};
			};
			buildConfigurationList = 7434B5361F47CFEF00023FB4 /* Build configuration list for PBXProject "iPosted" */;
			compatibilityVersion = "Xcode 3.2";
			developmentRegion = English;
			hasScannedForEncodings = 0;
			knownRegions = (
				en,
				Base,
			);
			mainGroup = 7434B5321F47CFEF00023FB4;
			productRefGroup = 7434B53C1F47CFEF00023FB4 /* Products */;
			projectDirPath = "";
			projectRoot = "";
			targets = (
				7434B53A1F47CFEF00023FB4 /* iPosted */,
				7434B54E1F47CFEF00023FB4 /* iPostedTests */,
			);
		};
/* End PBXProject section */

/* Begin PBXResourcesBuildPhase section */
		7434B5391F47CFEF00023FB4 /* Resources */ = {
			isa = PBXResourcesBuildPhase;
			buildActionMask = 2147483647;
			files = (
				7434B5491F47CFEF00023FB4 /* LaunchScreen.storyboard in Resources */,
				7434B5461F47CFEF00023FB4 /* Assets.xcassets in Resources */,
				7434B5441F47CFEF00023FB4 /* Main.storyboard in Resources */,
			);
			runOnlyForDeploymentPostprocessing = 0;
		};
		7434B54D1F47CFEF00023FB4 /* Resources */ = {
			isa = PBXResourcesBuildPhase;
			buildActionMask = 2147483647;
			files = (
				743698201F482DC900753778 /* users_array.json in Resources */,
				742DCEBD1F47EE96007EC839 /* address.json in Resources */,
				7436981C1F4819D600753778 /* user_no_company.json in Resources */,
				740C54DD1F480EE300A68DC0 /* company.json in Resources */,
				742F85141F47DF620028458F /* user.json in Resources */,
				742DCEC31F47F14A007EC839 /* geo.json in Resources */,
				740C54D91F480C8D00A68DC0 /* user_no_address.json in Resources */,
				740C54D71F480BFE00A68DC0 /* address_no_geo.json in Resources */,
			);
			runOnlyForDeploymentPostprocessing = 0;
		};
/* End PBXResourcesBuildPhase section */

/* Begin PBXSourcesBuildPhase section */
		7434B5371F47CFEF00023FB4 /* Sources */ = {
			isa = PBXSourcesBuildPhase;
			buildActionMask = 2147483647;
			files = (
				742DCEBB1F47EDDF007EC839 /* Address.swift in Sources */,
				74B97BC41F47DBDA003B9ADD /* User.swift in Sources */,
				742DCEB41F47E2A1007EC839 /* JSONParserHelper.swift in Sources */,
				74B01EB71F48557B00F9FA5C /* UsersDataProvider.swift in Sources */,
				7436981E1F48242E00753778 /* APIEndpoints.swift in Sources */,
				7434B5411F47CFEF00023FB4 /* UsersViewController.swift in Sources */,
				7434B53F1F47CFEF00023FB4 /* AppDelegate.swift in Sources */,
				7436815F1F47D31B00ADCC59 /* APIClient.swift in Sources */,
				742DCEC11F47F0F9007EC839 /* Geo.swift in Sources */,
				747408B21F485FD000E6F41B /* UserCell.swift in Sources */,
				740C54DF1F480F2300A68DC0 /* Company.swift in Sources */,
			);
			runOnlyForDeploymentPostprocessing = 0;
		};
		7434B54B1F47CFEF00023FB4 /* Sources */ = {
			isa = PBXSourcesBuildPhase;
			buildActionMask = 2147483647;
			files = (
				74EDAE481F4850F30095AEA3 /* UsersViewControllerTests.swift in Sources */,
				7434B56E1F47D7F100023FB4 /* UserTests.swift in Sources */,
				742F85111F47DE670028458F /* JSONMockLoader.swift in Sources */,
				74858EFB1F4859E300E4CE98 /* UsersDataProviderTests.swift in Sources */,
				7436815C1F47D22100ADCC59 /* APIClientTests.swift in Sources */,
				742DCEB91F47ED3D007EC839 /* AddressTests.swift in Sources */,
				7458C6B91F484DFF00919EE4 /* StoryboardTests.swift in Sources */,
				742DCEB61F47E66F007EC839 /* JSONParserHelperTests.swift in Sources */,
				740C54DB1F480E5B00A68DC0 /* CompanyTests.swift in Sources */,
				742DCEBF1F47F07D007EC839 /* GeoTestes.swift in Sources */,
			);
			runOnlyForDeploymentPostprocessing = 0;
		};
/* End PBXSourcesBuildPhase section */

/* Begin PBXTargetDependency section */
		7434B5511F47CFEF00023FB4 /* PBXTargetDependency */ = {
			isa = PBXTargetDependency;
			target = 7434B53A1F47CFEF00023FB4 /* iPosted */;
			targetProxy = 7434B5501F47CFEF00023FB4 /* PBXContainerItemProxy */;
		};
/* End PBXTargetDependency section */

/* Begin PBXVariantGroup section */
		7434B5421F47CFEF00023FB4 /* Main.storyboard */ = {
			isa = PBXVariantGroup;
			children = (
				7434B5431F47CFEF00023FB4 /* Base */,
			);
			name = Main.storyboard;
			sourceTree = "<group>";
		};
		7434B5471F47CFEF00023FB4 /* LaunchScreen.storyboard */ = {
			isa = PBXVariantGroup;
			children = (
				7434B5481F47CFEF00023FB4 /* Base */,
			);
			name = LaunchScreen.storyboard;
			sourceTree = "<group>";
		};
/* End PBXVariantGroup section */

/* Begin XCBuildConfiguration section */
		7434B5611F47CFEF00023FB4 /* Debug */ = {
			isa = XCBuildConfiguration;
			buildSettings = {
				ALWAYS_SEARCH_USER_PATHS = NO;
				CLANG_ANALYZER_NONNULL = YES;
				CLANG_ANALYZER_NUMBER_OBJECT_CONVERSION = YES_AGGRESSIVE;
				CLANG_CXX_LANGUAGE_STANDARD = "gnu++0x";
				CLANG_CXX_LIBRARY = "libc++";
				CLANG_ENABLE_MODULES = YES;
				CLANG_ENABLE_OBJC_ARC = YES;
				CLANG_WARN_BOOL_CONVERSION = YES;
				CLANG_WARN_CONSTANT_CONVERSION = YES;
				CLANG_WARN_DIRECT_OBJC_ISA_USAGE = YES_ERROR;
				CLANG_WARN_DOCUMENTATION_COMMENTS = YES;
				CLANG_WARN_EMPTY_BODY = YES;
				CLANG_WARN_ENUM_CONVERSION = YES;
				CLANG_WARN_INFINITE_RECURSION = YES;
				CLANG_WARN_INT_CONVERSION = YES;
				CLANG_WARN_OBJC_ROOT_CLASS = YES_ERROR;
				CLANG_WARN_SUSPICIOUS_MOVE = YES;
				CLANG_WARN_UNREACHABLE_CODE = YES;
				CLANG_WARN__DUPLICATE_METHOD_MATCH = YES;
				"CODE_SIGN_IDENTITY[sdk=iphoneos*]" = "iPhone Developer";
				COPY_PHASE_STRIP = NO;
				DEBUG_INFORMATION_FORMAT = dwarf;
				ENABLE_STRICT_OBJC_MSGSEND = YES;
				ENABLE_TESTABILITY = YES;
				GCC_C_LANGUAGE_STANDARD = gnu99;
				GCC_DYNAMIC_NO_PIC = NO;
				GCC_NO_COMMON_BLOCKS = YES;
				GCC_OPTIMIZATION_LEVEL = 0;
				GCC_PREPROCESSOR_DEFINITIONS = (
					"DEBUG=1",
					"$(inherited)",
				);
				GCC_WARN_64_TO_32_BIT_CONVERSION = YES;
				GCC_WARN_ABOUT_RETURN_TYPE = YES_ERROR;
				GCC_WARN_UNDECLARED_SELECTOR = YES;
				GCC_WARN_UNINITIALIZED_AUTOS = YES_AGGRESSIVE;
				GCC_WARN_UNUSED_FUNCTION = YES;
				GCC_WARN_UNUSED_VARIABLE = YES;
				IPHONEOS_DEPLOYMENT_TARGET = 10.3;
				MTL_ENABLE_DEBUG_INFO = YES;
				ONLY_ACTIVE_ARCH = YES;
				SDKROOT = iphoneos;
				SWIFT_ACTIVE_COMPILATION_CONDITIONS = DEBUG;
				SWIFT_OPTIMIZATION_LEVEL = "-Onone";
				TARGETED_DEVICE_FAMILY = "1,2";
			};
			name = Debug;
		};
		7434B5621F47CFEF00023FB4 /* Release */ = {
			isa = XCBuildConfiguration;
			buildSettings = {
				ALWAYS_SEARCH_USER_PATHS = NO;
				CLANG_ANALYZER_NONNULL = YES;
				CLANG_ANALYZER_NUMBER_OBJECT_CONVERSION = YES_AGGRESSIVE;
				CLANG_CXX_LANGUAGE_STANDARD = "gnu++0x";
				CLANG_CXX_LIBRARY = "libc++";
				CLANG_ENABLE_MODULES = YES;
				CLANG_ENABLE_OBJC_ARC = YES;
				CLANG_WARN_BOOL_CONVERSION = YES;
				CLANG_WARN_CONSTANT_CONVERSION = YES;
				CLANG_WARN_DIRECT_OBJC_ISA_USAGE = YES_ERROR;
				CLANG_WARN_DOCUMENTATION_COMMENTS = YES;
				CLANG_WARN_EMPTY_BODY = YES;
				CLANG_WARN_ENUM_CONVERSION = YES;
				CLANG_WARN_INFINITE_RECURSION = YES;
				CLANG_WARN_INT_CONVERSION = YES;
				CLANG_WARN_OBJC_ROOT_CLASS = YES_ERROR;
				CLANG_WARN_SUSPICIOUS_MOVE = YES;
				CLANG_WARN_UNREACHABLE_CODE = YES;
				CLANG_WARN__DUPLICATE_METHOD_MATCH = YES;
				"CODE_SIGN_IDENTITY[sdk=iphoneos*]" = "iPhone Developer";
				COPY_PHASE_STRIP = NO;
				DEBUG_INFORMATION_FORMAT = "dwarf-with-dsym";
				ENABLE_NS_ASSERTIONS = NO;
				ENABLE_STRICT_OBJC_MSGSEND = YES;
				GCC_C_LANGUAGE_STANDARD = gnu99;
				GCC_NO_COMMON_BLOCKS = YES;
				GCC_WARN_64_TO_32_BIT_CONVERSION = YES;
				GCC_WARN_ABOUT_RETURN_TYPE = YES_ERROR;
				GCC_WARN_UNDECLARED_SELECTOR = YES;
				GCC_WARN_UNINITIALIZED_AUTOS = YES_AGGRESSIVE;
				GCC_WARN_UNUSED_FUNCTION = YES;
				GCC_WARN_UNUSED_VARIABLE = YES;
				IPHONEOS_DEPLOYMENT_TARGET = 10.3;
				MTL_ENABLE_DEBUG_INFO = NO;
				SDKROOT = iphoneos;
				SWIFT_OPTIMIZATION_LEVEL = "-Owholemodule";
				TARGETED_DEVICE_FAMILY = "1,2";
				VALIDATE_PRODUCT = YES;
			};
			name = Release;
		};
		7434B5641F47CFEF00023FB4 /* Debug */ = {
			isa = XCBuildConfiguration;
			buildSettings = {
				ASSETCATALOG_COMPILER_APPICON_NAME = AppIcon;
				DEVELOPMENT_TEAM = MG2UCY5382;
				INFOPLIST_FILE = iPosted/Info.plist;
				LD_RUNPATH_SEARCH_PATHS = "$(inherited) @executable_path/Frameworks";
				PRODUCT_BUNDLE_IDENTIFIER = br.com.tntstudios.iPosted;
				PRODUCT_NAME = "$(TARGET_NAME)";
				SWIFT_VERSION = 3.0;
			};
			name = Debug;
		};
		7434B5651F47CFEF00023FB4 /* Release */ = {
			isa = XCBuildConfiguration;
			buildSettings = {
				ASSETCATALOG_COMPILER_APPICON_NAME = AppIcon;
				DEVELOPMENT_TEAM = MG2UCY5382;
				INFOPLIST_FILE = iPosted/Info.plist;
				LD_RUNPATH_SEARCH_PATHS = "$(inherited) @executable_path/Frameworks";
				PRODUCT_BUNDLE_IDENTIFIER = br.com.tntstudios.iPosted;
				PRODUCT_NAME = "$(TARGET_NAME)";
				SWIFT_VERSION = 3.0;
			};
			name = Release;
		};
		7434B5671F47CFEF00023FB4 /* Debug */ = {
			isa = XCBuildConfiguration;
			buildSettings = {
				ALWAYS_EMBED_SWIFT_STANDARD_LIBRARIES = YES;
				BUNDLE_LOADER = "$(TEST_HOST)";
				DEVELOPMENT_TEAM = MG2UCY5382;
				INFOPLIST_FILE = iPostedTests/Info.plist;
				LD_RUNPATH_SEARCH_PATHS = "$(inherited) @executable_path/Frameworks @loader_path/Frameworks";
				PRODUCT_BUNDLE_IDENTIFIER = br.com.tntstudios.iPostedTests;
				PRODUCT_NAME = "$(TARGET_NAME)";
				SWIFT_VERSION = 3.0;
				TEST_HOST = "$(BUILT_PRODUCTS_DIR)/iPosted.app/iPosted";
			};
			name = Debug;
		};
		7434B5681F47CFEF00023FB4 /* Release */ = {
			isa = XCBuildConfiguration;
			buildSettings = {
				ALWAYS_EMBED_SWIFT_STANDARD_LIBRARIES = YES;
				BUNDLE_LOADER = "$(TEST_HOST)";
				DEVELOPMENT_TEAM = MG2UCY5382;
				INFOPLIST_FILE = iPostedTests/Info.plist;
				LD_RUNPATH_SEARCH_PATHS = "$(inherited) @executable_path/Frameworks @loader_path/Frameworks";
				PRODUCT_BUNDLE_IDENTIFIER = br.com.tntstudios.iPostedTests;
				PRODUCT_NAME = "$(TARGET_NAME)";
				SWIFT_VERSION = 3.0;
				TEST_HOST = "$(BUILT_PRODUCTS_DIR)/iPosted.app/iPosted";
			};
			name = Release;
		};
/* End XCBuildConfiguration section */

/* Begin XCConfigurationList section */
		7434B5361F47CFEF00023FB4 /* Build configuration list for PBXProject "iPosted" */ = {
			isa = XCConfigurationList;
			buildConfigurations = (
				7434B5611F47CFEF00023FB4 /* Debug */,
				7434B5621F47CFEF00023FB4 /* Release */,
			);
			defaultConfigurationIsVisible = 0;
			defaultConfigurationName = Release;
		};
		7434B5631F47CFEF00023FB4 /* Build configuration list for PBXNativeTarget "iPosted" */ = {
			isa = XCConfigurationList;
			buildConfigurations = (
				7434B5641F47CFEF00023FB4 /* Debug */,
				7434B5651F47CFEF00023FB4 /* Release */,
			);
			defaultConfigurationIsVisible = 0;
			defaultConfigurationName = Release;
		};
		7434B5661F47CFEF00023FB4 /* Build configuration list for PBXNativeTarget "iPostedTests" */ = {
			isa = XCConfigurationList;
			buildConfigurations = (
				7434B5671F47CFEF00023FB4 /* Debug */,
				7434B5681F47CFEF00023FB4 /* Release */,
			);
			defaultConfigurationIsVisible = 0;
			defaultConfigurationName = Release;
		};
/* End XCConfigurationList section */
	};
	rootObject = 7434B5331F47CFEF00023FB4 /* Project object */;
}
